
Microsoft Visual Studio Solution File, Format Version 12.00
# Visual Studio Version 17
VisualStudioVersion = 17.14.36603.0
MinimumVisualStudioVersion = 10.0.40219.1
Project("{FAE04EC0-301F-11D3-BF4B-00C04F79EFBC}") = "01. Data Types", "01. Data Types\01. Data Types.csproj", "{2351B314-9CE7-4CEA-8554-F10E946FB183}"
EndProject
Project("{FAE04EC0-301F-11D3-BF4B-00C04F79EFBC}") = "02. Center Point", "02. Center Point\02. Center Point.csproj", "{D55E8869-97CF-4459-9382-E2C3A3DE014B}"
EndProject
Project("{FAE04EC0-301F-11D3-BF4B-00C04F79EFBC}") = "03. Longer Line", "03. Longer Line\03. Longer Line.csproj", "{4566C937-4AF8-4953-879A-D21CDACF7D37}"
EndProject
Project("{FAE04EC0-301F-11D3-BF4B-00C04F79EFBC}") = "04. Tribonacci Sequence", "04. Tribonacci Sequence\04. Tribonacci Sequence.csproj", "{3DC5643C-E6D8-4BE6-8F7E-E1FD952B744B}"
EndProject
Global
	GlobalSection(SolutionConfigurationPlatforms) = preSolution
		Debug|Any CPU = Debug|Any CPU
		Release|Any CPU = Release|Any CPU
	EndGlobalSection
	GlobalSection(ProjectConfigurationPlatforms) = postSolution
		{2351B314-9CE7-4CEA-8554-F10E946FB183}.Debug|Any CPU.ActiveCfg = Debug|Any CPU
		{2351B314-9CE7-4CEA-8554-F10E946FB183}.Debug|Any CPU.Build.0 = Debug|Any CPU
		{2351B314-9CE7-4CEA-8554-F10E946FB183}.Release|Any CPU.ActiveCfg = Release|Any CPU
		{2351B314-9CE7-4CEA-8554-F10E946FB183}.Release|Any CPU.Build.0 = Release|Any CPU
		{D55E8869-97CF-4459-9382-E2C3A3DE014B}.Debug|Any CPU.ActiveCfg = Debug|Any CPU
		{D55E8869-97CF-4459-9382-E2C3A3DE014B}.Debug|Any CPU.Build.0 = Debug|Any CPU
		{D55E8869-97CF-4459-9382-E2C3A3DE014B}.Release|Any CPU.ActiveCfg = Release|Any CPU
		{D55E8869-97CF-4459-9382-E2C3A3DE014B}.Release|Any CPU.Build.0 = Release|Any CPU
		{4566C937-4AF8-4953-879A-D21CDACF7D37}.Debug|Any CPU.ActiveCfg = Debug|Any CPU
		{4566C937-4AF8-4953-879A-D21CDACF7D37}.Debug|Any CPU.Build.0 = Debug|Any CPU
		{4566C937-4AF8-4953-879A-D21CDACF7D37}.Release|Any CPU.ActiveCfg = Release|Any CPU
		{4566C937-4AF8-4953-879A-D21CDACF7D37}.Release|Any CPU.Build.0 = Release|Any CPU
		{3DC5643C-E6D8-4BE6-8F7E-E1FD952B744B}.Debug|Any CPU.ActiveCfg = Debug|Any CPU
		{3DC5643C-E6D8-4BE6-8F7E-E1FD952B744B}.Debug|Any CPU.Build.0 = Debug|Any CPU
		{3DC5643C-E6D8-4BE6-8F7E-E1FD952B744B}.Release|Any CPU.ActiveCfg = Release|Any CPU
		{3DC5643C-E6D8-4BE6-8F7E-E1FD952B744B}.Release|Any CPU.Build.0 = Release|Any CPU
	EndGlobalSection
	GlobalSection(SolutionProperties) = preSolution
		HideSolutionNode = FALSE
	EndGlobalSection
	GlobalSection(ExtensibilityGlobals) = postSolution
		SolutionGuid = {24CF923A-3D1E-4A1E-90E4-65CE8739F79F}
	EndGlobalSection
EndGlobal
